
Microsoft Visual Studio Solution File, Format Version 12.00
# Visual Studio Version 17
VisualStudioVersion = 17.14.36414.22
MinimumVisualStudioVersion = 10.0.40219.1
Project("{2150E333-8FDC-42A3-9474-1A3956D46DE8}") = "src", "src", "{02EA681E-C7D8-13C7-8484-4AC65E1B71E8}"
EndProject
Project("{FAE04EC0-301F-11D3-BF4B-00C04F79EFBC}") = "DotnetLoginDemo", "src\DotnetLoginDemo\DotnetLoginDemo.csproj", "{0EC0162F-F899-475A-AE68-6D87E037CA11}"
EndProject
Global
	GlobalSection(SolutionConfigurationPlatforms) = preSolution
		Debug|Any CPU = Debug|Any CPU
		Release|Any CPU = Release|Any CPU
	EndGlobalSection
	GlobalSection(ProjectConfigurationPlatforms) = postSolution
		{0EC0162F-F899-475A-AE68-6D87E037CA11}.Debug|Any CPU.ActiveCfg = Debug|Any CPU
		{0EC0162F-F899-475A-AE68-6D87E037CA11}.Debug|Any CPU.Build.0 = Debug|Any CPU
		{0EC0162F-F899-475A-AE68-6D87E037CA11}.Release|Any CPU.ActiveCfg = Release|Any CPU
		{0EC0162F-F899-475A-AE68-6D87E037CA11}.Release|Any CPU.Build.0 = Release|Any CPU
	EndGlobalSection
	GlobalSection(SolutionProperties) = preSolution
		HideSolutionNode = FALSE
	EndGlobalSection
	GlobalSection(NestedProjects) = preSolution
		{0EC0162F-F899-475A-AE68-6D87E037CA11} = {02EA681E-C7D8-13C7-8484-4AC65E1B71E8}
	EndGlobalSection
	GlobalSection(ExtensibilityGlobals) = postSolution
		SolutionGuid = {0816C865-3A02-4A1C-9E62-1CA1EDB5EE9E}
	EndGlobalSection
EndGlobal
